
Microsoft Visual Studio Solution File, Format Version 12.00
# Visual Studio Version 17
VisualStudioVersion = 17.7.34018.315
MinimumVisualStudioVersion = 10.0.40219.1
Project("{FAE04EC0-301F-11D3-BF4B-00C04F79EFBC}") = "CNPM_QLNS", "CNPM_QLNS\CNPM_QLNS.csproj", "{FCAAF588-99AC-48FD-8629-338B36CB402E}"
EndProject
Global
	GlobalSection(SolutionConfigurationPlatforms) = preSolution
		Debug|Any CPU = Debug|Any CPU
		Release|Any CPU = Release|Any CPU
	EndGlobalSection
	GlobalSection(ProjectConfigurationPlatforms) = postSolution
		{FCAAF588-99AC-48FD-8629-338B36CB402E}.Debug|Any CPU.ActiveCfg = Debug|Any CPU
		{FCAAF588-99AC-48FD-8629-338B36CB402E}.Debug|Any CPU.Build.0 = Debug|Any CPU
		{FCAAF588-99AC-48FD-8629-338B36CB402E}.Release|Any CPU.ActiveCfg = Release|Any CPU
		{FCAAF588-99AC-48FD-8629-338B36CB402E}.Release|Any CPU.Build.0 = Release|Any CPU
	EndGlobalSection
	GlobalSection(SolutionProperties) = preSolution
		HideSolutionNode = FALSE
	EndGlobalSection
	GlobalSection(ExtensibilityGlobals) = postSolution
		SolutionGuid = {7AA6D339-F0DF-4275-8B20-C52DD0DFE813}
	EndGlobalSection
EndGlobal
